
Microsoft Visual Studio Solution File, Format Version 12.00
# Visual Studio Version 16
VisualStudioVersion = 16.0.30413.136
MinimumVisualStudioVersion = 10.0.40219.1
Project("{FAE04EC0-301F-11D3-BF4B-00C04F79EFBC}") = "dockasign", "dockasign\dockasign.csproj", "{BD52AA96-27BC-43D0-B218-C422EDC988CC}"
EndProject
Global
	GlobalSection(SolutionConfigurationPlatforms) = preSolution
		Debug|Any CPU = Debug|Any CPU
		Release|Any CPU = Release|Any CPU
	EndGlobalSection
	GlobalSection(ProjectConfigurationPlatforms) = postSolution
		{BD52AA96-27BC-43D0-B218-C422EDC988CC}.Debug|Any CPU.ActiveCfg = Debug|Any CPU
		{BD52AA96-27BC-43D0-B218-C422EDC988CC}.Debug|Any CPU.Build.0 = Debug|Any CPU
		{BD52AA96-27BC-43D0-B218-C422EDC988CC}.Release|Any CPU.ActiveCfg = Release|Any CPU
		{BD52AA96-27BC-43D0-B218-C422EDC988CC}.Release|Any CPU.Build.0 = Release|Any CPU
	EndGlobalSection
	GlobalSection(SolutionProperties) = preSolution
		HideSolutionNode = FALSE
	EndGlobalSection
	GlobalSection(ExtensibilityGlobals) = postSolution
		SolutionGuid = {969EC016-4DF6-4733-95F2-BF7145E24AB1}
	EndGlobalSection
EndGlobal
